
Microsoft Visual Studio Solution File, Format Version 11.00
# Visual Studio 2010
Project("{FAE04EC0-301F-11D3-BF4B-00C04F79EFBC}") = "Assembly-CSharp", "Assembly-CSharp.csproj", "{15DB5186-2966-57E2-666D-587A9B44A5DD}"
EndProject
Project("{FAE04EC0-301F-11D3-BF4B-00C04F79EFBC}") = "Assembly-CSharp-Editor", "Assembly-CSharp-Editor.csproj", "{C578A3F6-EDB8-AF38-26BE-5E259A3FE0B8}"
EndProject
Global
	GlobalSection(SolutionConfigurationPlatforms) = preSolution
		Debug|Any CPU = Debug|Any CPU
		Release|Any CPU = Release|Any CPU
	EndGlobalSection
	GlobalSection(ProjectConfigurationPlatforms) = postSolution
		{15DB5186-2966-57E2-666D-587A9B44A5DD}.Debug|Any CPU.ActiveCfg = Debug|Any CPU
		{15DB5186-2966-57E2-666D-587A9B44A5DD}.Debug|Any CPU.Build.0 = Debug|Any CPU
		{15DB5186-2966-57E2-666D-587A9B44A5DD}.Release|Any CPU.ActiveCfg = Release|Any CPU
		{15DB5186-2966-57E2-666D-587A9B44A5DD}.Release|Any CPU.Build.0 = Release|Any CPU
		{C578A3F6-EDB8-AF38-26BE-5E259A3FE0B8}.Debug|Any CPU.ActiveCfg = Debug|Any CPU
		{C578A3F6-EDB8-AF38-26BE-5E259A3FE0B8}.Debug|Any CPU.Build.0 = Debug|Any CPU
		{C578A3F6-EDB8-AF38-26BE-5E259A3FE0B8}.Release|Any CPU.ActiveCfg = Release|Any CPU
		{C578A3F6-EDB8-AF38-26BE-5E259A3FE0B8}.Release|Any CPU.Build.0 = Release|Any CPU
	EndGlobalSection
	GlobalSection(SolutionProperties) = preSolution
		HideSolutionNode = FALSE
	EndGlobalSection
EndGlobal
